
Microsoft Visual Studio Solution File, Format Version 12.00
# Visual Studio Version 16
VisualStudioVersion = 16.0.30621.155
MinimumVisualStudioVersion = 10.0.40219.1
Project("{FAE04EC0-301F-11D3-BF4B-00C04F79EFBC}") = "Koleh poshti takamoli", "Koleh poshti takamoli\Koleh poshti takamoli.csproj", "{45B93985-CCDD-4B1D-97A5-3E5E218F3212}"
EndProject
Global
	GlobalSection(SolutionConfigurationPlatforms) = preSolution
		Debug|Any CPU = Debug|Any CPU
		Release|Any CPU = Release|Any CPU
	EndGlobalSection
	GlobalSection(ProjectConfigurationPlatforms) = postSolution
		{45B93985-CCDD-4B1D-97A5-3E5E218F3212}.Debug|Any CPU.ActiveCfg = Debug|Any CPU
		{45B93985-CCDD-4B1D-97A5-3E5E218F3212}.Debug|Any CPU.Build.0 = Debug|Any CPU
		{45B93985-CCDD-4B1D-97A5-3E5E218F3212}.Release|Any CPU.ActiveCfg = Release|Any CPU
		{45B93985-CCDD-4B1D-97A5-3E5E218F3212}.Release|Any CPU.Build.0 = Release|Any CPU
	EndGlobalSection
	GlobalSection(SolutionProperties) = preSolution
		HideSolutionNode = FALSE
	EndGlobalSection
	GlobalSection(ExtensibilityGlobals) = postSolution
		SolutionGuid = {484C2062-17C7-4132-8D45-F1ACE231E60D}
	EndGlobalSection
EndGlobal
